
Microsoft Visual Studio Solution File, Format Version 12.00
# Visual Studio Version 17
VisualStudioVersion = 17.10.34928.147
MinimumVisualStudioVersion = 10.0.40219.1
Project("{FAE04EC0-301F-11D3-BF4B-00C04F79EFBC}") = "DemoFile", "DemoFile.csproj", "{3C812402-C6DA-4BF3-89D4-213A7D1DDCED}"
EndProject
Project("{FAE04EC0-301F-11D3-BF4B-00C04F79EFBC}") = "Demodll", "..\Demodll\Demodll.csproj", "{08622969-93AC-47FD-8301-94180F0C04B4}"
EndProject
Global
	GlobalSection(SolutionConfigurationPlatforms) = preSolution
		Debug|Any CPU = Debug|Any CPU
		Release|Any CPU = Release|Any CPU
	EndGlobalSection
	GlobalSection(ProjectConfigurationPlatforms) = postSolution
		{3C812402-C6DA-4BF3-89D4-213A7D1DDCED}.Debug|Any CPU.ActiveCfg = Debug|Any CPU
		{3C812402-C6DA-4BF3-89D4-213A7D1DDCED}.Debug|Any CPU.Build.0 = Debug|Any CPU
		{3C812402-C6DA-4BF3-89D4-213A7D1DDCED}.Release|Any CPU.ActiveCfg = Release|Any CPU
		{3C812402-C6DA-4BF3-89D4-213A7D1DDCED}.Release|Any CPU.Build.0 = Release|Any CPU
		{08622969-93AC-47FD-8301-94180F0C04B4}.Debug|Any CPU.ActiveCfg = Debug|Any CPU
		{08622969-93AC-47FD-8301-94180F0C04B4}.Debug|Any CPU.Build.0 = Debug|Any CPU
		{08622969-93AC-47FD-8301-94180F0C04B4}.Release|Any CPU.ActiveCfg = Release|Any CPU
		{08622969-93AC-47FD-8301-94180F0C04B4}.Release|Any CPU.Build.0 = Release|Any CPU
	EndGlobalSection
	GlobalSection(SolutionProperties) = preSolution
		HideSolutionNode = FALSE
	EndGlobalSection
	GlobalSection(ExtensibilityGlobals) = postSolution
		SolutionGuid = {BD9B570E-64B8-402A-8AF1-EDF66793C33F}
	EndGlobalSection
EndGlobal
