
Microsoft Visual Studio Solution File, Format Version 12.00
# Visual Studio Version 17
VisualStudioVersion = 17.10.34928.147
MinimumVisualStudioVersion = 10.0.40219.1
Project("{FAE04EC0-301F-11D3-BF4B-00C04F79EFBC}") = "Array", "Array.csproj", "{A29D03E8-4F8D-4214-9CDD-9CD32AD01430}"
EndProject
Project("{FAE04EC0-301F-11D3-BF4B-00C04F79EFBC}") = "Employeebonus", "..\Employeebonus\Employeebonus.csproj", "{6B46749E-D6FF-4618-B9C2-587D43531725}"
EndProject
Project("{FAE04EC0-301F-11D3-BF4B-00C04F79EFBC}") = "IDriver", "..\IDriver\IDriver.csproj", "{1CF8D9BB-D8D9-4725-8162-88578AD77791}"
EndProject
Global
	GlobalSection(SolutionConfigurationPlatforms) = preSolution
		Debug|Any CPU = Debug|Any CPU
		Release|Any CPU = Release|Any CPU
	EndGlobalSection
	GlobalSection(ProjectConfigurationPlatforms) = postSolution
		{A29D03E8-4F8D-4214-9CDD-9CD32AD01430}.Debug|Any CPU.ActiveCfg = Debug|Any CPU
		{A29D03E8-4F8D-4214-9CDD-9CD32AD01430}.Debug|Any CPU.Build.0 = Debug|Any CPU
		{A29D03E8-4F8D-4214-9CDD-9CD32AD01430}.Release|Any CPU.ActiveCfg = Release|Any CPU
		{A29D03E8-4F8D-4214-9CDD-9CD32AD01430}.Release|Any CPU.Build.0 = Release|Any CPU
		{6B46749E-D6FF-4618-B9C2-587D43531725}.Debug|Any CPU.ActiveCfg = Debug|Any CPU
		{6B46749E-D6FF-4618-B9C2-587D43531725}.Debug|Any CPU.Build.0 = Debug|Any CPU
		{6B46749E-D6FF-4618-B9C2-587D43531725}.Release|Any CPU.ActiveCfg = Release|Any CPU
		{6B46749E-D6FF-4618-B9C2-587D43531725}.Release|Any CPU.Build.0 = Release|Any CPU
		{1CF8D9BB-D8D9-4725-8162-88578AD77791}.Debug|Any CPU.ActiveCfg = Debug|Any CPU
		{1CF8D9BB-D8D9-4725-8162-88578AD77791}.Debug|Any CPU.Build.0 = Debug|Any CPU
		{1CF8D9BB-D8D9-4725-8162-88578AD77791}.Release|Any CPU.ActiveCfg = Release|Any CPU
		{1CF8D9BB-D8D9-4725-8162-88578AD77791}.Release|Any CPU.Build.0 = Release|Any CPU
	EndGlobalSection
	GlobalSection(SolutionProperties) = preSolution
		HideSolutionNode = FALSE
	EndGlobalSection
	GlobalSection(ExtensibilityGlobals) = postSolution
		SolutionGuid = {DD601E68-4B17-410F-9560-F355BFE8D59B}
	EndGlobalSection
EndGlobal
