
Microsoft Visual Studio Solution File, Format Version 12.00
# Visual Studio Version 17
VisualStudioVersion = 17.10.34928.147
MinimumVisualStudioVersion = 10.0.40219.1
Project("{FAE04EC0-301F-11D3-BF4B-00C04F79EFBC}") = "BinaryToDecimal", "BinaryToDecimal.csproj", "{721834CA-3487-48D8-9A0B-3E30A1DBF7A4}"
EndProject
Global
	GlobalSection(SolutionConfigurationPlatforms) = preSolution
		Debug|Any CPU = Debug|Any CPU
		Release|Any CPU = Release|Any CPU
	EndGlobalSection
	GlobalSection(ProjectConfigurationPlatforms) = postSolution
		{721834CA-3487-48D8-9A0B-3E30A1DBF7A4}.Debug|Any CPU.ActiveCfg = Debug|Any CPU
		{721834CA-3487-48D8-9A0B-3E30A1DBF7A4}.Debug|Any CPU.Build.0 = Debug|Any CPU
		{721834CA-3487-48D8-9A0B-3E30A1DBF7A4}.Release|Any CPU.ActiveCfg = Release|Any CPU
		{721834CA-3487-48D8-9A0B-3E30A1DBF7A4}.Release|Any CPU.Build.0 = Release|Any CPU
	EndGlobalSection
	GlobalSection(SolutionProperties) = preSolution
		HideSolutionNode = FALSE
	EndGlobalSection
	GlobalSection(ExtensibilityGlobals) = postSolution
		SolutionGuid = {4685191F-F29F-4CFF-9CE5-F4BCB4C6BDF9}
	EndGlobalSection
EndGlobal
